// !$*UTF8*$!
{
	archiveVersion = 1;
	classes = {
	};
	objectVersion = 56;
	objects = {

/* Begin PBXBuildFile section */
		46300BE12A136FA900686269 /* ScrumdingerApp.swift in Sources */ = {isa = PBXBuildFile; fileRef = 46300BE02A136FA900686269 /* ScrumdingerApp.swift */; };
		46300BE32A136FA900686269 /* MeetingView.swift in Sources */ = {isa = PBXBuildFile; fileRef = 46300BE22A136FA900686269 /* MeetingView.swift */; };
		46300BE52A136FAA00686269 /* Assets.xcassets in Resources */ = {isa = PBXBuildFile; fileRef = 46300BE42A136FAA00686269 /* Assets.xcassets */; };
		46300BE82A136FAA00686269 /* Preview Assets.xcassets in Resources */ = {isa = PBXBuildFile; fileRef = 46300BE72A136FAA00686269 /* Preview Assets.xcassets */; };
		46300BF02A1373BC00686269 /* Theme.swift in Sources */ = {isa = PBXBuildFile; fileRef = 46300BEF2A1373BC00686269 /* Theme.swift */; };
		46300BF22A1374A300686269 /* DailyScrum.swift in Sources */ = {isa = PBXBuildFile; fileRef = 46300BF12A1374A300686269 /* DailyScrum.swift */; };
		46300BF42A13750900686269 /* CardView.swift in Sources */ = {isa = PBXBuildFile; fileRef = 46300BF32A13750900686269 /* CardView.swift */; };
		46300BF62A13773400686269 /* TrailingIconLabelStyle.swift in Sources */ = {isa = PBXBuildFile; fileRef = 46300BF52A13773400686269 /* TrailingIconLabelStyle.swift */; };
		46300BF82A13789E00686269 /* ScrumsView.swift in Sources */ = {isa = PBXBuildFile; fileRef = 46300BF72A13789E00686269 /* ScrumsView.swift */; };
		46300BFA2A1399D300686269 /* DetailView.swift in Sources */ = {isa = PBXBuildFile; fileRef = 46300BF92A1399D300686269 /* DetailView.swift */; };
		464C15572A20A233004DD087 /* ScrumStore.swift in Sources */ = {isa = PBXBuildFile; fileRef = 464C15562A20A233004DD087 /* ScrumStore.swift */; };
		464C15592A20A98C004DD087 /* ErrorWrapper.swift in Sources */ = {isa = PBXBuildFile; fileRef = 464C15582A20A98C004DD087 /* ErrorWrapper.swift */; };
		464C155B2A20A9C8004DD087 /* ErrorView.swift in Sources */ = {isa = PBXBuildFile; fileRef = 464C155A2A20A9C8004DD087 /* ErrorView.swift */; };
		465CD47F2A1E28C500EE26FE /* MeetingHeaderView.swift in Sources */ = {isa = PBXBuildFile; fileRef = 465CD47E2A1E28C500EE26FE /* MeetingHeaderView.swift */; };
		465CD4812A1E2AB300EE26FE /* ScrumProgressViewStyle.swift in Sources */ = {isa = PBXBuildFile; fileRef = 465CD4802A1E2AB300EE26FE /* ScrumProgressViewStyle.swift */; };
		465CD4832A1E2B5D00EE26FE /* ScrumTimer.swift in Sources */ = {isa = PBXBuildFile; fileRef = 465CD4822A1E2B5D00EE26FE /* ScrumTimer.swift */; };
		465CD4852A1E2C5D00EE26FE /* MeetingFooterView.swift in Sources */ = {isa = PBXBuildFile; fileRef = 465CD4842A1E2C5D00EE26FE /* MeetingFooterView.swift */; };
		465CD4872A1E2E2100EE26FE /* NewScrumSheet.swift in Sources */ = {isa = PBXBuildFile; fileRef = 465CD4862A1E2E2100EE26FE /* NewScrumSheet.swift */; };
		465CD4892A1E2F3C00EE26FE /* History.swift in Sources */ = {isa = PBXBuildFile; fileRef = 465CD4882A1E2F3C00EE26FE /* History.swift */; };
		46EB3EEE2A18C4C400FE0C76 /* AnotherView.swift in Sources */ = {isa = PBXBuildFile; fileRef = 46EB3EED2A18C4C400FE0C76 /* AnotherView.swift */; };
		46EB3EF02A18C5CB00FE0C76 /* ParentView.swift in Sources */ = {isa = PBXBuildFile; fileRef = 46EB3EEF2A18C5CB00FE0C76 /* ParentView.swift */; };
		46EB3EF22A18C7D100FE0C76 /* Person.swift in Sources */ = {isa = PBXBuildFile; fileRef = 46EB3EF12A18C7D100FE0C76 /* Person.swift */; };
		46EB3EF52A18C7F600FE0C76 /* ContentView.swift in Sources */ = {isa = PBXBuildFile; fileRef = 46EB3EF42A18C7F600FE0C76 /* ContentView.swift */; };
		46EB3EF82A18C82300FE0C76 /* ContentViewModel.swift in Sources */ = {isa = PBXBuildFile; fileRef = 46EB3EF72A18C82300FE0C76 /* ContentViewModel.swift */; };
		46EB3EFA2A18CC9F00FE0C76 /* ContentViewParent.swift in Sources */ = {isa = PBXBuildFile; fileRef = 46EB3EF92A18CC9F00FE0C76 /* ContentViewParent.swift */; };
		46EB3EFC2A18CEB100FE0C76 /* DetailEditView.swift in Sources */ = {isa = PBXBuildFile; fileRef = 46EB3EFB2A18CEB100FE0C76 /* DetailEditView.swift */; };
		46EB3EFE2A18D37500FE0C76 /* ThemeView.swift in Sources */ = {isa = PBXBuildFile; fileRef = 46EB3EFD2A18D37500FE0C76 /* ThemeView.swift */; };
		46EB3F002A18D46D00FE0C76 /* ThemePicker.swift in Sources */ = {isa = PBXBuildFile; fileRef = 46EB3EFF2A18D46D00FE0C76 /* ThemePicker.swift */; };
/* End PBXBuildFile section */

/* Begin PBXFileReference section */
		46300BDD2A136FA900686269 /* Scrumdinger.app */ = {isa = PBXFileReference; explicitFileType = wrapper.application; includeInIndex = 0; path = Scrumdinger.app; sourceTree = BUILT_PRODUCTS_DIR; };
		46300BE02A136FA900686269 /* ScrumdingerApp.swift */ = {isa = PBXFileReference; lastKnownFileType = sourcecode.swift; path = ScrumdingerApp.swift; sourceTree = "<group>"; };
		46300BE22A136FA900686269 /* MeetingView.swift */ = {isa = PBXFileReference; lastKnownFileType = sourcecode.swift; path = MeetingView.swift; sourceTree = "<group>"; };
		46300BE42A136FAA00686269 /* Assets.xcassets */ = {isa = PBXFileReference; lastKnownFileType = folder.assetcatalog; path = Assets.xcassets; sourceTree = "<group>"; };
		46300BE72A136FAA00686269 /* Preview Assets.xcassets */ = {isa = PBXFileReference; lastKnownFileType = folder.assetcatalog; path = "Preview Assets.xcassets"; sourceTree = "<group>"; };
		46300BEF2A1373BC00686269 /* Theme.swift */ = {isa = PBXFileReference; lastKnownFileType = sourcecode.swift; path = Theme.swift; sourceTree = "<group>"; };
		46300BF12A1374A300686269 /* DailyScrum.swift */ = {isa = PBXFileReference; lastKnownFileType = sourcecode.swift; path = DailyScrum.swift; sourceTree = "<group>"; };
		46300BF32A13750900686269 /* CardView.swift */ = {isa = PBXFileReference; lastKnownFileType = sourcecode.swift; path = CardView.swift; sourceTree = "<group>"; };
		46300BF52A13773400686269 /* TrailingIconLabelStyle.swift */ = {isa = PBXFileReference; lastKnownFileType = sourcecode.swift; path = TrailingIconLabelStyle.swift; sourceTree = "<group>"; };
		46300BF72A13789E00686269 /* ScrumsView.swift */ = {isa = PBXFileReference; lastKnownFileType = sourcecode.swift; path = ScrumsView.swift; sourceTree = "<group>"; };
		46300BF92A1399D300686269 /* DetailView.swift */ = {isa = PBXFileReference; lastKnownFileType = sourcecode.swift; path = DetailView.swift; sourceTree = "<group>"; };
		464C15562A20A233004DD087 /* ScrumStore.swift */ = {isa = PBXFileReference; lastKnownFileType = sourcecode.swift; path = ScrumStore.swift; sourceTree = "<group>"; };
		464C15582A20A98C004DD087 /* ErrorWrapper.swift */ = {isa = PBXFileReference; lastKnownFileType = sourcecode.swift; path = ErrorWrapper.swift; sourceTree = "<group>"; };
		464C155A2A20A9C8004DD087 /* ErrorView.swift */ = {isa = PBXFileReference; lastKnownFileType = sourcecode.swift; path = ErrorView.swift; sourceTree = "<group>"; };
		465CD47E2A1E28C500EE26FE /* MeetingHeaderView.swift */ = {isa = PBXFileReference; lastKnownFileType = sourcecode.swift; path = MeetingHeaderView.swift; sourceTree = "<group>"; };
		465CD4802A1E2AB300EE26FE /* ScrumProgressViewStyle.swift */ = {isa = PBXFileReference; lastKnownFileType = sourcecode.swift; path = ScrumProgressViewStyle.swift; sourceTree = "<group>"; };
		465CD4822A1E2B5D00EE26FE /* ScrumTimer.swift */ = {isa = PBXFileReference; lastKnownFileType = sourcecode.swift; path = ScrumTimer.swift; sourceTree = "<group>"; };
		465CD4842A1E2C5D00EE26FE /* MeetingFooterView.swift */ = {isa = PBXFileReference; lastKnownFileType = sourcecode.swift; path = MeetingFooterView.swift; sourceTree = "<group>"; };
		465CD4862A1E2E2100EE26FE /* NewScrumSheet.swift */ = {isa = PBXFileReference; lastKnownFileType = sourcecode.swift; path = NewScrumSheet.swift; sourceTree = "<group>"; };
		465CD4882A1E2F3C00EE26FE /* History.swift */ = {isa = PBXFileReference; lastKnownFileType = sourcecode.swift; path = History.swift; sourceTree = "<group>"; };
		46EB3EED2A18C4C400FE0C76 /* AnotherView.swift */ = {isa = PBXFileReference; lastKnownFileType = sourcecode.swift; path = AnotherView.swift; sourceTree = "<group>"; };
		46EB3EEF2A18C5CB00FE0C76 /* ParentView.swift */ = {isa = PBXFileReference; lastKnownFileType = sourcecode.swift; path = ParentView.swift; sourceTree = "<group>"; };
		46EB3EF12A18C7D100FE0C76 /* Person.swift */ = {isa = PBXFileReference; lastKnownFileType = sourcecode.swift; path = Person.swift; sourceTree = "<group>"; };
		46EB3EF42A18C7F600FE0C76 /* ContentView.swift */ = {isa = PBXFileReference; lastKnownFileType = sourcecode.swift; path = ContentView.swift; sourceTree = "<group>"; };
		46EB3EF72A18C82300FE0C76 /* ContentViewModel.swift */ = {isa = PBXFileReference; lastKnownFileType = sourcecode.swift; path = ContentViewModel.swift; sourceTree = "<group>"; };
		46EB3EF92A18CC9F00FE0C76 /* ContentViewParent.swift */ = {isa = PBXFileReference; lastKnownFileType = sourcecode.swift; path = ContentViewParent.swift; sourceTree = "<group>"; };
		46EB3EFB2A18CEB100FE0C76 /* DetailEditView.swift */ = {isa = PBXFileReference; lastKnownFileType = sourcecode.swift; path = DetailEditView.swift; sourceTree = "<group>"; };
		46EB3EFD2A18D37500FE0C76 /* ThemeView.swift */ = {isa = PBXFileReference; lastKnownFileType = sourcecode.swift; path = ThemeView.swift; sourceTree = "<group>"; };
		46EB3EFF2A18D46D00FE0C76 /* ThemePicker.swift */ = {isa = PBXFileReference; lastKnownFileType = sourcecode.swift; path = ThemePicker.swift; sourceTree = "<group>"; };
/* End PBXFileReference section */

/* Begin PBXFrameworksBuildPhase section */
		46300BDA2A136FA900686269 /* Frameworks */ = {
			isa = PBXFrameworksBuildPhase;
			buildActionMask = 2147483647;
			files = (
			);
			runOnlyForDeploymentPostprocessing = 0;
		};
/* End PBXFrameworksBuildPhase section */

/* Begin PBXGroup section */
		46300BD42A136FA900686269 = {
			isa = PBXGroup;
			children = (
				46300BDF2A136FA900686269 /* Scrumdinger */,
				46300BDE2A136FA900686269 /* Products */,
			);
			sourceTree = "<group>";
		};
		46300BDE2A136FA900686269 /* Products */ = {
			isa = PBXGroup;
			children = (
				46300BDD2A136FA900686269 /* Scrumdinger.app */,
			);
			name = Products;
			sourceTree = "<group>";
		};
		46300BDF2A136FA900686269 /* Scrumdinger */ = {
			isa = PBXGroup;
			children = (
				46300BE02A136FA900686269 /* ScrumdingerApp.swift */,
				46EB3EF62A18C80A00FE0C76 /* ViewModels */,
				46EB3EF32A18C7E400FE0C76 /* Views */,
				46300BEE2A13739600686269 /* Models */,
				46300BE42A136FAA00686269 /* Assets.xcassets */,
				46300BE62A136FAA00686269 /* Preview Content */,
				46300BF52A13773400686269 /* TrailingIconLabelStyle.swift */,
			);
			path = Scrumdinger;
			sourceTree = "<group>";
		};
		46300BE62A136FAA00686269 /* Preview Content */ = {
			isa = PBXGroup;
			children = (
				46300BE72A136FAA00686269 /* Preview Assets.xcassets */,
			);
			path = "Preview Content";
			sourceTree = "<group>";
		};
		46300BEE2A13739600686269 /* Models */ = {
			isa = PBXGroup;
			children = (
				46300BEF2A1373BC00686269 /* Theme.swift */,
				46300BF12A1374A300686269 /* DailyScrum.swift */,
				46EB3EF12A18C7D100FE0C76 /* Person.swift */,
				465CD4822A1E2B5D00EE26FE /* ScrumTimer.swift */,
				465CD4882A1E2F3C00EE26FE /* History.swift */,
				464C15562A20A233004DD087 /* ScrumStore.swift */,
				464C15582A20A98C004DD087 /* ErrorWrapper.swift */,
			);
			path = Models;
			sourceTree = "<group>";
		};
		46EB3EF32A18C7E400FE0C76 /* Views */ = {
			isa = PBXGroup;
			children = (
				46EB3EF42A18C7F600FE0C76 /* ContentView.swift */,
				46EB3EF92A18CC9F00FE0C76 /* ContentViewParent.swift */,
				46300BF92A1399D300686269 /* DetailView.swift */,
				46EB3EFB2A18CEB100FE0C76 /* DetailEditView.swift */,
				46EB3EFD2A18D37500FE0C76 /* ThemeView.swift */,
				46300BF32A13750900686269 /* CardView.swift */,
				46300BF72A13789E00686269 /* ScrumsView.swift */,
				46EB3EED2A18C4C400FE0C76 /* AnotherView.swift */,
				46EB3EEF2A18C5CB00FE0C76 /* ParentView.swift */,
				46300BE22A136FA900686269 /* MeetingView.swift */,
				46EB3EFF2A18D46D00FE0C76 /* ThemePicker.swift */,
				465CD47E2A1E28C500EE26FE /* MeetingHeaderView.swift */,
				465CD4802A1E2AB300EE26FE /* ScrumProgressViewStyle.swift */,
				465CD4842A1E2C5D00EE26FE /* MeetingFooterView.swift */,
				465CD4862A1E2E2100EE26FE /* NewScrumSheet.swift */,
				464C155A2A20A9C8004DD087 /* ErrorView.swift */,
			);
			path = Views;
			sourceTree = "<group>";
		};
		46EB3EF62A18C80A00FE0C76 /* ViewModels */ = {
			isa = PBXGroup;
			children = (
				46EB3EF72A18C82300FE0C76 /* ContentViewModel.swift */,
			);
			path = ViewModels;
			sourceTree = "<group>";
		};
/* End PBXGroup section */

/* Begin PBXNativeTarget section */
		46300BDC2A136FA900686269 /* Scrumdinger */ = {
			isa = PBXNativeTarget;
			buildConfigurationList = 46300BEB2A136FAA00686269 /* Build configuration list for PBXNativeTarget "Scrumdinger" */;
			buildPhases = (
				46300BD92A136FA900686269 /* Sources */,
				46300BDA2A136FA900686269 /* Frameworks */,
				46300BDB2A136FA900686269 /* Resources */,
			);
			buildRules = (
			);
			dependencies = (
			);
			name = Scrumdinger;
			productName = Scrumdinger;
			productReference = 46300BDD2A136FA900686269 /* Scrumdinger.app */;
			productType = "com.apple.product-type.application";
		};
/* End PBXNativeTarget section */

/* Begin PBXProject section */
		46300BD52A136FA900686269 /* Project object */ = {
			isa = PBXProject;
			attributes = {
				BuildIndependentTargetsInParallel = 1;
				LastSwiftUpdateCheck = 1430;
				LastUpgradeCheck = 1430;
				TargetAttributes = {
					46300BDC2A136FA900686269 = {
						CreatedOnToolsVersion = 14.3;
					};
				};
			};
			buildConfigurationList = 46300BD82A136FA900686269 /* Build configuration list for PBXProject "Scrumdinger" */;
			compatibilityVersion = "Xcode 14.0";
			developmentRegion = en;
			hasScannedForEncodings = 0;
			knownRegions = (
				en,
				Base,
			);
			mainGroup = 46300BD42A136FA900686269;
			productRefGroup = 46300BDE2A136FA900686269 /* Products */;
			projectDirPath = "";
			projectRoot = "";
			targets = (
				46300BDC2A136FA900686269 /* Scrumdinger */,
			);
		};
/* End PBXProject section */

/* Begin PBXResourcesBuildPhase section */
		46300BDB2A136FA900686269 /* Resources */ = {
			isa = PBXResourcesBuildPhase;
			buildActionMask = 2147483647;
			files = (
				46300BE82A136FAA00686269 /* Preview Assets.xcassets in Resources */,
				46300BE52A136FAA00686269 /* Assets.xcassets in Resources */,
			);
			runOnlyForDeploymentPostprocessing = 0;
		};
/* End PBXResourcesBuildPhase section */

/* Begin PBXSourcesBuildPhase section */
		46300BD92A136FA900686269 /* Sources */ = {
			isa = PBXSourcesBuildPhase;
			buildActionMask = 2147483647;
			files = (
				46300BF22A1374A300686269 /* DailyScrum.swift in Sources */,
				465CD4812A1E2AB300EE26FE /* ScrumProgressViewStyle.swift in Sources */,
				46EB3EF82A18C82300FE0C76 /* ContentViewModel.swift in Sources */,
				46EB3EFC2A18CEB100FE0C76 /* DetailEditView.swift in Sources */,
				465CD47F2A1E28C500EE26FE /* MeetingHeaderView.swift in Sources */,
				46300BFA2A1399D300686269 /* DetailView.swift in Sources */,
				46EB3EF52A18C7F600FE0C76 /* ContentView.swift in Sources */,
				46300BF62A13773400686269 /* TrailingIconLabelStyle.swift in Sources */,
				46300BF02A1373BC00686269 /* Theme.swift in Sources */,
				46EB3EF22A18C7D100FE0C76 /* Person.swift in Sources */,
				464C15572A20A233004DD087 /* ScrumStore.swift in Sources */,
				464C155B2A20A9C8004DD087 /* ErrorView.swift in Sources */,
				46EB3EFE2A18D37500FE0C76 /* ThemeView.swift in Sources */,
				46EB3EF02A18C5CB00FE0C76 /* ParentView.swift in Sources */,
				464C15592A20A98C004DD087 /* ErrorWrapper.swift in Sources */,
				46EB3EFA2A18CC9F00FE0C76 /* ContentViewParent.swift in Sources */,
				465CD4892A1E2F3C00EE26FE /* History.swift in Sources */,
				46300BF82A13789E00686269 /* ScrumsView.swift in Sources */,
				465CD4832A1E2B5D00EE26FE /* ScrumTimer.swift in Sources */,
				465CD4872A1E2E2100EE26FE /* NewScrumSheet.swift in Sources */,
				46300BE32A136FA900686269 /* MeetingView.swift in Sources */,
				46300BE12A136FA900686269 /* ScrumdingerApp.swift in Sources */,
				465CD4852A1E2C5D00EE26FE /* MeetingFooterView.swift in Sources */,
				46EB3EEE2A18C4C400FE0C76 /* AnotherView.swift in Sources */,
				46EB3F002A18D46D00FE0C76 /* ThemePicker.swift in Sources */,
				46300BF42A13750900686269 /* CardView.swift in Sources */,
			);
			runOnlyForDeploymentPostprocessing = 0;
		};
/* End PBXSourcesBuildPhase section */

/* Begin XCBuildConfiguration section */
		46300BE92A136FAA00686269 /* Debug */ = {
			isa = XCBuildConfiguration;
			buildSettings = {
				ALWAYS_SEARCH_USER_PATHS = NO;
				CLANG_ANALYZER_NONNULL = YES;
				CLANG_ANALYZER_NUMBER_OBJECT_CONVERSION = YES_AGGRESSIVE;
				CLANG_CXX_LANGUAGE_STANDARD = "gnu++20";
				CLANG_ENABLE_MODULES = YES;
				CLANG_ENABLE_OBJC_ARC = YES;
				CLANG_ENABLE_OBJC_WEAK = YES;
				CLANG_WARN_BLOCK_CAPTURE_AUTORELEASING = YES;
				CLANG_WARN_BOOL_CONVERSION = YES;
				CLANG_WARN_COMMA = YES;
				CLANG_WARN_CONSTANT_CONVERSION = YES;
				CLANG_WARN_DEPRECATED_OBJC_IMPLEMENTATIONS = YES;
				CLANG_WARN_DIRECT_OBJC_ISA_USAGE = YES_ERROR;
				CLANG_WARN_DOCUMENTATION_COMMENTS = YES;
				CLANG_WARN_EMPTY_BODY = YES;
				CLANG_WARN_ENUM_CONVERSION = YES;
				CLANG_WARN_INFINITE_RECURSION = YES;
				CLANG_WARN_INT_CONVERSION = YES;
				CLANG_WARN_NON_LITERAL_NULL_CONVERSION = YES;
				CLANG_WARN_OBJC_IMPLICIT_RETAIN_SELF = YES;
				CLANG_WARN_OBJC_LITERAL_CONVERSION = YES;
				CLANG_WARN_OBJC_ROOT_CLASS = YES_ERROR;
				CLANG_WARN_QUOTED_INCLUDE_IN_FRAMEWORK_HEADER = YES;
				CLANG_WARN_RANGE_LOOP_ANALYSIS = YES;
				CLANG_WARN_STRICT_PROTOTYPES = YES;
				CLANG_WARN_SUSPICIOUS_MOVE = YES;
				CLANG_WARN_UNGUARDED_AVAILABILITY = YES_AGGRESSIVE;
				CLANG_WARN_UNREACHABLE_CODE = YES;
				CLANG_WARN__DUPLICATE_METHOD_MATCH = YES;
				COPY_PHASE_STRIP = NO;
				DEBUG_INFORMATION_FORMAT = dwarf;
				ENABLE_STRICT_OBJC_MSGSEND = YES;
				ENABLE_TESTABILITY = YES;
				GCC_C_LANGUAGE_STANDARD = gnu11;
				GCC_DYNAMIC_NO_PIC = NO;
				GCC_NO_COMMON_BLOCKS = YES;
				GCC_OPTIMIZATION_LEVEL = 0;
				GCC_PREPROCESSOR_DEFINITIONS = (
					"DEBUG=1",
					"$(inherited)",
				);
				GCC_WARN_64_TO_32_BIT_CONVERSION = YES;
				GCC_WARN_ABOUT_RETURN_TYPE = YES_ERROR;
				GCC_WARN_UNDECLARED_SELECTOR = YES;
				GCC_WARN_UNINITIALIZED_AUTOS = YES_AGGRESSIVE;
				GCC_WARN_UNUSED_FUNCTION = YES;
				GCC_WARN_UNUSED_VARIABLE = YES;
				IPHONEOS_DEPLOYMENT_TARGET = 16.4;
				MTL_ENABLE_DEBUG_INFO = INCLUDE_SOURCE;
				MTL_FAST_MATH = YES;
				ONLY_ACTIVE_ARCH = YES;
				SDKROOT = iphoneos;
				SWIFT_ACTIVE_COMPILATION_CONDITIONS = DEBUG;
				SWIFT_OPTIMIZATION_LEVEL = "-Onone";
			};
			name = Debug;
		};
		46300BEA2A136FAA00686269 /* Release */ = {
			isa = XCBuildConfiguration;
			buildSettings = {
				ALWAYS_SEARCH_USER_PATHS = NO;
				CLANG_ANALYZER_NONNULL = YES;
				CLANG_ANALYZER_NUMBER_OBJECT_CONVERSION = YES_AGGRESSIVE;
				CLANG_CXX_LANGUAGE_STANDARD = "gnu++20";
				CLANG_ENABLE_MODULES = YES;
				CLANG_ENABLE_OBJC_ARC = YES;
				CLANG_ENABLE_OBJC_WEAK = YES;
				CLANG_WARN_BLOCK_CAPTURE_AUTORELEASING = YES;
				CLANG_WARN_BOOL_CONVERSION = YES;
				CLANG_WARN_COMMA = YES;
				CLANG_WARN_CONSTANT_CONVERSION = YES;
				CLANG_WARN_DEPRECATED_OBJC_IMPLEMENTATIONS = YES;
				CLANG_WARN_DIRECT_OBJC_ISA_USAGE = YES_ERROR;
				CLANG_WARN_DOCUMENTATION_COMMENTS = YES;
				CLANG_WARN_EMPTY_BODY = YES;
				CLANG_WARN_ENUM_CONVERSION = YES;
				CLANG_WARN_INFINITE_RECURSION = YES;
				CLANG_WARN_INT_CONVERSION = YES;
				CLANG_WARN_NON_LITERAL_NULL_CONVERSION = YES;
				CLANG_WARN_OBJC_IMPLICIT_RETAIN_SELF = YES;
				CLANG_WARN_OBJC_LITERAL_CONVERSION = YES;
				CLANG_WARN_OBJC_ROOT_CLASS = YES_ERROR;
				CLANG_WARN_QUOTED_INCLUDE_IN_FRAMEWORK_HEADER = YES;
				CLANG_WARN_RANGE_LOOP_ANALYSIS = YES;
				CLANG_WARN_STRICT_PROTOTYPES = YES;
				CLANG_WARN_SUSPICIOUS_MOVE = YES;
				CLANG_WARN_UNGUARDED_AVAILABILITY = YES_AGGRESSIVE;
				CLANG_WARN_UNREACHABLE_CODE = YES;
				CLANG_WARN__DUPLICATE_METHOD_MATCH = YES;
				COPY_PHASE_STRIP = NO;
				DEBUG_INFORMATION_FORMAT = "dwarf-with-dsym";
				ENABLE_NS_ASSERTIONS = NO;
				ENABLE_STRICT_OBJC_MSGSEND = YES;
				GCC_C_LANGUAGE_STANDARD = gnu11;
				GCC_NO_COMMON_BLOCKS = YES;
				GCC_WARN_64_TO_32_BIT_CONVERSION = YES;
				GCC_WARN_ABOUT_RETURN_TYPE = YES_ERROR;
				GCC_WARN_UNDECLARED_SELECTOR = YES;
				GCC_WARN_UNINITIALIZED_AUTOS = YES_AGGRESSIVE;
				GCC_WARN_UNUSED_FUNCTION = YES;
				GCC_WARN_UNUSED_VARIABLE = YES;
				IPHONEOS_DEPLOYMENT_TARGET = 16.4;
				MTL_ENABLE_DEBUG_INFO = NO;
				MTL_FAST_MATH = YES;
				SDKROOT = iphoneos;
				SWIFT_COMPILATION_MODE = wholemodule;
				SWIFT_OPTIMIZATION_LEVEL = "-O";
				VALIDATE_PRODUCT = YES;
			};
			name = Release;
		};
		46300BEC2A136FAA00686269 /* Debug */ = {
			isa = XCBuildConfiguration;
			buildSettings = {
				ASSETCATALOG_COMPILER_APPICON_NAME = AppIcon;
				ASSETCATALOG_COMPILER_GLOBAL_ACCENT_COLOR_NAME = AccentColor;
				CODE_SIGN_STYLE = Automatic;
				CURRENT_PROJECT_VERSION = 1;
				DEVELOPMENT_ASSET_PATHS = "\"Scrumdinger/Preview Content\"";
				DEVELOPMENT_TEAM = 2PT2WK79D9;
				ENABLE_PREVIEWS = YES;
				GENERATE_INFOPLIST_FILE = YES;
				INFOPLIST_KEY_UIApplicationSceneManifest_Generation = YES;
				INFOPLIST_KEY_UIApplicationSupportsIndirectInputEvents = YES;
				INFOPLIST_KEY_UILaunchScreen_Generation = YES;
				INFOPLIST_KEY_UISupportedInterfaceOrientations_iPad = "UIInterfaceOrientationPortrait UIInterfaceOrientationPortraitUpsideDown UIInterfaceOrientationLandscapeLeft UIInterfaceOrientationLandscapeRight";
				INFOPLIST_KEY_UISupportedInterfaceOrientations_iPhone = "UIInterfaceOrientationPortrait UIInterfaceOrientationLandscapeLeft UIInterfaceOrientationLandscapeRight";
				IPHONEOS_DEPLOYMENT_TARGET = 16.2;
				LD_RUNPATH_SEARCH_PATHS = (
					"$(inherited)",
					"@executable_path/Frameworks",
				);
				MARKETING_VERSION = 1.0;
				PRODUCT_BUNDLE_IDENTIFIER = com.vegapunk.Scrumdinger;
				PRODUCT_NAME = "$(TARGET_NAME)";
				SWIFT_EMIT_LOC_STRINGS = YES;
				SWIFT_VERSION = 5.0;
				TARGETED_DEVICE_FAMILY = "1,2";
			};
			name = Debug;
		};
		46300BED2A136FAA00686269 /* Release */ = {
			isa = XCBuildConfiguration;
			buildSettings = {
				ASSETCATALOG_COMPILER_APPICON_NAME = AppIcon;
				ASSETCATALOG_COMPILER_GLOBAL_ACCENT_COLOR_NAME = AccentColor;
				CODE_SIGN_STYLE = Automatic;
				CURRENT_PROJECT_VERSION = 1;
				DEVELOPMENT_ASSET_PATHS = "\"Scrumdinger/Preview Content\"";
				DEVELOPMENT_TEAM = 2PT2WK79D9;
				ENABLE_PREVIEWS = YES;
				GENERATE_INFOPLIST_FILE = YES;
				INFOPLIST_KEY_UIApplicationSceneManifest_Generation = YES;
				INFOPLIST_KEY_UIApplicationSupportsIndirectInputEvents = YES;
				INFOPLIST_KEY_UILaunchScreen_Generation = YES;
				INFOPLIST_KEY_UISupportedInterfaceOrientations_iPad = "UIInterfaceOrientationPortrait UIInterfaceOrientationPortraitUpsideDown UIInterfaceOrientationLandscapeLeft UIInterfaceOrientationLandscapeRight";
				INFOPLIST_KEY_UISupportedInterfaceOrientations_iPhone = "UIInterfaceOrientationPortrait UIInterfaceOrientationLandscapeLeft UIInterfaceOrientationLandscapeRight";
				IPHONEOS_DEPLOYMENT_TARGET = 16.2;
				LD_RUNPATH_SEARCH_PATHS = (
					"$(inherited)",
					"@executable_path/Frameworks",
				);
				MARKETING_VERSION = 1.0;
				PRODUCT_BUNDLE_IDENTIFIER = com.vegapunk.Scrumdinger;
				PRODUCT_NAME = "$(TARGET_NAME)";
				SWIFT_EMIT_LOC_STRINGS = YES;
				SWIFT_VERSION = 5.0;
				TARGETED_DEVICE_FAMILY = "1,2";
			};
			name = Release;
		};
/* End XCBuildConfiguration section */

/* Begin XCConfigurationList section */
		46300BD82A136FA900686269 /* Build configuration list for PBXProject "Scrumdinger" */ = {
			isa = XCConfigurationList;
			buildConfigurations = (
				46300BE92A136FAA00686269 /* Debug */,
				46300BEA2A136FAA00686269 /* Release */,
			);
			defaultConfigurationIsVisible = 0;
			defaultConfigurationName = Release;
		};
		46300BEB2A136FAA00686269 /* Build configuration list for PBXNativeTarget "Scrumdinger" */ = {
			isa = XCConfigurationList;
			buildConfigurations = (
				46300BEC2A136FAA00686269 /* Debug */,
				46300BED2A136FAA00686269 /* Release */,
			);
			defaultConfigurationIsVisible = 0;
			defaultConfigurationName = Release;
		};
/* End XCConfigurationList section */
	};
	rootObject = 46300BD52A136FA900686269 /* Project object */;
}
